<?xml version="1.0" encoding="utf-8"?>
<Project ToolsVersion="4.0" xmlns="http://schemas.microsoft.com/developer/msbuild/2003">
  <ItemGroup>
    <ClCompile Include="src\ofApp.cpp">
      <Filter>src</Filter>
    </ClCompile>
    <ClCompile Include="src\main.cpp">
      <Filter>src</Filter>
    </ClCompile>
    <ClCompile Include="src\main.cpp">
      <Filter>src</Filter>
    </ClCompile>
    <ClCompile Include="src\ofApp.cpp">
      <Filter>src</Filter>
    </ClCompile>
  </ItemGroup>
  <ItemGroup>
    <Filter Include="src">
      <UniqueIdentifier>{d8376475-7454-4a24-b08a-aac121d3ad6f}</UniqueIdentifier>
    </Filter>
    <Filter Include="addons">
      <UniqueIdentifier>{6e582627-81d0-4490-a011-aae5c9bc729f}</UniqueIdentifier>
    </Filter>
    <Filter Include="addons\ofxBeckhoffADS">
      <UniqueIdentifier>{f372befc-bd3a-4b98-a4ee-f2bd082f2fd3}</UniqueIdentifier>
    </Filter>
    <Filter Include="addons\ofxBeckhoffADS\includes">
      <UniqueIdentifier>{c70c3ba4-5063-4ce8-a9b9-083141a8333a}</UniqueIdentifier>
    </Filter>
    <Filter Include="addons\ofxBeckhoffADS\src">
      <UniqueIdentifier>{e2e443ed-c8a3-4973-832a-f2ffc700e608}</UniqueIdentifier>
    </Filter>
    <Filter Include="addons\ofxBeckhoffADS\libs">
      <UniqueIdentifier>{5bd29517-eb59-4619-84c2-84a6dcd6cca2}</UniqueIdentifier>
    </Filter>
  </ItemGroup>
  <ItemGroup>
    <ClInclude Include="src\ofApp.h">
      <Filter>src</Filter>
    </ClInclude>
    <ClInclude Include="src\ofApp.h">
      <Filter>src</Filter>
    </ClInclude>
    <ClInclude Include="..\include\TcAdsAPI.h">
      <Filter>addons\ofxBeckhoffADS\includes</Filter>
    </ClInclude>
    <ClInclude Include="..\include\TcAdsDef.h">
      <Filter>addons\ofxBeckhoffADS\includes</Filter>
    </ClInclude>
    <ClInclude Include="..\src\ofxBeckhoffADS.h">
      <Filter>addons\ofxBeckhoffADS\src</Filter>
    </ClInclude>
  </ItemGroup>
  <ItemGroup>
    <ResourceCompile Include="icon.rc" />
  </ItemGroup>
  <ItemGroup>
    <Library Include="..\libs\TcAdsDll.lib">
      <Filter>addons\ofxBeckhoffADS\libs</Filter>
    </Library>
  </ItemGroup>
</Project>